
Microsoft Visual Studio Solution File, Format Version 12.00
# Visual Studio Version 16
VisualStudioVersion = 16.0.31129.286
MinimumVisualStudioVersion = 10.0.40219.1
Project("{FAE04EC0-301F-11D3-BF4B-00C04F79EFBC}") = "ConsoleApp1", "ConsoleApp1.csproj", "{CFB4E48C-7A1B-4120-AC7D-19063564FEB8}"
EndProject
Global
	GlobalSection(SolutionConfigurationPlatforms) = preSolution
		Debug|Any CPU = Debug|Any CPU
		Release|Any CPU = Release|Any CPU
	EndGlobalSection
	GlobalSection(ProjectConfigurationPlatforms) = postSolution
		{CFB4E48C-7A1B-4120-AC7D-19063564FEB8}.Debug|Any CPU.ActiveCfg = Debug|Any CPU
		{CFB4E48C-7A1B-4120-AC7D-19063564FEB8}.Debug|Any CPU.Build.0 = Debug|Any CPU
		{CFB4E48C-7A1B-4120-AC7D-19063564FEB8}.Release|Any CPU.ActiveCfg = Release|Any CPU
		{CFB4E48C-7A1B-4120-AC7D-19063564FEB8}.Release|Any CPU.Build.0 = Release|Any CPU
	EndGlobalSection
	GlobalSection(SolutionProperties) = preSolution
		HideSolutionNode = FALSE
	EndGlobalSection
	GlobalSection(ExtensibilityGlobals) = postSolution
		SolutionGuid = {0C901DB1-E261-41A7-81A5-A27AC6645559}
	EndGlobalSection
EndGlobal
